
Microsoft Visual Studio Solution File, Format Version 12.00
# Visual Studio Version 17
VisualStudioVersion = 17.9.34701.34
MinimumVisualStudioVersion = 10.0.40219.1
Project("{FAE04EC0-301F-11D3-BF4B-00C04F79EFBC}") = "ToolkitMvvmTemplate", "ToolkitMvvmTemplate\ToolkitMvvmTemplate.csproj", "{0BD2E5A0-1EE2-409F-8E23-85C363C6A010}"
EndProject
Global
	GlobalSection(SolutionConfigurationPlatforms) = preSolution
		Debug|Any CPU = Debug|Any CPU
		Release|Any CPU = Release|Any CPU
	EndGlobalSection
	GlobalSection(ProjectConfigurationPlatforms) = postSolution
		{0BD2E5A0-1EE2-409F-8E23-85C363C6A010}.Debug|Any CPU.ActiveCfg = Debug|Any CPU
		{0BD2E5A0-1EE2-409F-8E23-85C363C6A010}.Debug|Any CPU.Build.0 = Debug|Any CPU
		{0BD2E5A0-1EE2-409F-8E23-85C363C6A010}.Release|Any CPU.ActiveCfg = Release|Any CPU
		{0BD2E5A0-1EE2-409F-8E23-85C363C6A010}.Release|Any CPU.Build.0 = Release|Any CPU
	EndGlobalSection
	GlobalSection(SolutionProperties) = preSolution
		HideSolutionNode = FALSE
	EndGlobalSection
	GlobalSection(ExtensibilityGlobals) = postSolution
		SolutionGuid = {B5388846-E9AD-4099-A726-D01573126E3C}
	EndGlobalSection
EndGlobal
